// !$*UTF8*$!
{
	archiveVersion = 1;
	classes = {
	};
	objectVersion = 51;
	objects = {

/* Begin PBXBuildFile section */
		7C3B6142E6A612229B89FD20 /* Pods_DrinkSomeWater.framework in Frameworks */ = {isa = PBXBuildFile; fileRef = 8D2822984807841FED2DF729 /* Pods_DrinkSomeWater.framework */; };
		A515819E2603B9CA00127C98 /* ServiceProvider.swift in Sources */ = {isa = PBXBuildFile; fileRef = A515819D2603B9CA00127C98 /* ServiceProvider.swift */; };
		A51581A22603BA0900127C98 /* WaterService.swift in Sources */ = {isa = PBXBuildFile; fileRef = A51581A12603BA0900127C98 /* WaterService.swift */; };
		A51581A52603BA1300127C98 /* BaseService.swift in Sources */ = {isa = PBXBuildFile; fileRef = A51581A42603BA1300127C98 /* BaseService.swift */; };
		A52B5F6626122C55003D7AFF /* SettingViewController.swift in Sources */ = {isa = PBXBuildFile; fileRef = A52B5F6526122C55003D7AFF /* SettingViewController.swift */; };
		A52B5F6A26122C66003D7AFF /* SettingViewReactor.swift in Sources */ = {isa = PBXBuildFile; fileRef = A52B5F6926122C65003D7AFF /* SettingViewReactor.swift */; };
		A52B5F6D26122FAB003D7AFF /* UserDefaultsService.swift in Sources */ = {isa = PBXBuildFile; fileRef = A52B5F6C26122FAB003D7AFF /* UserDefaultsService.swift */; };
		A52B5F71261230D7003D7AFF /* UserDefaultsKey.swift in Sources */ = {isa = PBXBuildFile; fileRef = A52B5F70261230D7003D7AFF /* UserDefaultsKey.swift */; };
		A52B5FAD2613714B003D7AFF /* CalendarViewController.swift in Sources */ = {isa = PBXBuildFile; fileRef = A52B5FAC2613714B003D7AFF /* CalendarViewController.swift */; };
		A52B5FB026137158003D7AFF /* CalendarViewReactor.swift in Sources */ = {isa = PBXBuildFile; fileRef = A52B5FAF26137158003D7AFF /* CalendarViewReactor.swift */; };
		A52B5FBB26138C32003D7AFF /* WaterRecord.swift in Sources */ = {isa = PBXBuildFile; fileRef = A52B5FBA26138C32003D7AFF /* WaterRecord.swift */; };
		A56238CE261F5DAB00A81F99 /* WaterRecordResultView.swift in Sources */ = {isa = PBXBuildFile; fileRef = A56238CD261F5DAB00A81F99 /* WaterRecordResultView.swift */; };
		A56238D1261F7A3500A81F99 /* UIView+Ext.swift in Sources */ = {isa = PBXBuildFile; fileRef = A56238D0261F7A3500A81F99 /* UIView+Ext.swift */; };
		A56238D4261F7DFF00A81F99 /* CalendarDescriptView.swift in Sources */ = {isa = PBXBuildFile; fileRef = A56238D3261F7DFF00A81F99 /* CalendarDescriptView.swift */; };
		A565861E2614A65300BAA9AC /* Date+Ext.swift in Sources */ = {isa = PBXBuildFile; fileRef = A565861D2614A65300BAA9AC /* Date+Ext.swift */; };
		A56586212614B71B00BAA9AC /* ModelType.swift in Sources */ = {isa = PBXBuildFile; fileRef = A56586202614B71B00BAA9AC /* ModelType.swift */; };
		A5694529261A1B6100E6E751 /* Float+Ext.swift in Sources */ = {isa = PBXBuildFile; fileRef = A5694528261A1B6100E6E751 /* Float+Ext.swift */; };
		A5694531261B59AF00E6E751 /* Beaker.swift in Sources */ = {isa = PBXBuildFile; fileRef = A5694530261B59AF00E6E751 /* Beaker.swift */; };
		A58350ED25FFCD09001AA609 /* AppDelegate.swift in Sources */ = {isa = PBXBuildFile; fileRef = A58350EC25FFCD09001AA609 /* AppDelegate.swift */; };
		A58350EF25FFCD09001AA609 /* SceneDelegate.swift in Sources */ = {isa = PBXBuildFile; fileRef = A58350EE25FFCD09001AA609 /* SceneDelegate.swift */; };
		A58350F425FFCD09001AA609 /* Main.storyboard in Resources */ = {isa = PBXBuildFile; fileRef = A58350F225FFCD09001AA609 /* Main.storyboard */; };
		A58350F625FFCD0B001AA609 /* Assets.xcassets in Resources */ = {isa = PBXBuildFile; fileRef = A58350F525FFCD0B001AA609 /* Assets.xcassets */; };
		A58350F925FFCD0B001AA609 /* LaunchScreen.storyboard in Resources */ = {isa = PBXBuildFile; fileRef = A58350F725FFCD0B001AA609 /* LaunchScreen.storyboard */; };
		A583511725FFCF7E001AA609 /* MainViewController.swift in Sources */ = {isa = PBXBuildFile; fileRef = A583511625FFCF7E001AA609 /* MainViewController.swift */; };
		A583511F25FFCFB7001AA609 /* MainViewReactor.swift in Sources */ = {isa = PBXBuildFile; fileRef = A583511E25FFCFB7001AA609 /* MainViewReactor.swift */; };
		A583512325FFD1B2001AA609 /* DrinkViewController.swift in Sources */ = {isa = PBXBuildFile; fileRef = A583512225FFD1B2001AA609 /* DrinkViewController.swift */; };
		A583512625FFD1BE001AA609 /* DrinkViewReactor.swift in Sources */ = {isa = PBXBuildFile; fileRef = A583512525FFD1BE001AA609 /* DrinkViewReactor.swift */; };
		A583512A25FFD2C1001AA609 /* BaseViewController.swift in Sources */ = {isa = PBXBuildFile; fileRef = A583512925FFD2C1001AA609 /* BaseViewController.swift */; };
		A5D4AA7F261D7C8600CF9E91 /* UserNotifications.framework in Frameworks */ = {isa = PBXBuildFile; fileRef = A5D4AA7E261D7C8600CF9E91 /* UserNotifications.framework */; };
/* End PBXBuildFile section */

/* Begin PBXFileReference section */
		3FBBD24534AEAB0D6C58FD1B /* Pods-DrinkSomeWater.debug.xcconfig */ = {isa = PBXFileReference; includeInIndex = 1; lastKnownFileType = text.xcconfig; name = "Pods-DrinkSomeWater.debug.xcconfig"; path = "Target Support Files/Pods-DrinkSomeWater/Pods-DrinkSomeWater.debug.xcconfig"; sourceTree = "<group>"; };
		8D2822984807841FED2DF729 /* Pods_DrinkSomeWater.framework */ = {isa = PBXFileReference; explicitFileType = wrapper.framework; includeInIndex = 0; path = Pods_DrinkSomeWater.framework; sourceTree = BUILT_PRODUCTS_DIR; };
		A515819D2603B9CA00127C98 /* ServiceProvider.swift */ = {isa = PBXFileReference; lastKnownFileType = sourcecode.swift; path = ServiceProvider.swift; sourceTree = "<group>"; };
		A51581A12603BA0900127C98 /* WaterService.swift */ = {isa = PBXFileReference; lastKnownFileType = sourcecode.swift; path = WaterService.swift; sourceTree = "<group>"; };
		A51581A42603BA1300127C98 /* BaseService.swift */ = {isa = PBXFileReference; lastKnownFileType = sourcecode.swift; path = BaseService.swift; sourceTree = "<group>"; };
		A52B5F6526122C55003D7AFF /* SettingViewController.swift */ = {isa = PBXFileReference; lastKnownFileType = sourcecode.swift; path = SettingViewController.swift; sourceTree = "<group>"; };
		A52B5F6926122C65003D7AFF /* SettingViewReactor.swift */ = {isa = PBXFileReference; lastKnownFileType = sourcecode.swift; path = SettingViewReactor.swift; sourceTree = "<group>"; };
		A52B5F6C26122FAB003D7AFF /* UserDefaultsService.swift */ = {isa = PBXFileReference; lastKnownFileType = sourcecode.swift; path = UserDefaultsService.swift; sourceTree = "<group>"; };
		A52B5F70261230D7003D7AFF /* UserDefaultsKey.swift */ = {isa = PBXFileReference; lastKnownFileType = sourcecode.swift; path = UserDefaultsKey.swift; sourceTree = "<group>"; };
		A52B5FAC2613714B003D7AFF /* CalendarViewController.swift */ = {isa = PBXFileReference; lastKnownFileType = sourcecode.swift; path = CalendarViewController.swift; sourceTree = "<group>"; };
		A52B5FAF26137158003D7AFF /* CalendarViewReactor.swift */ = {isa = PBXFileReference; lastKnownFileType = sourcecode.swift; path = CalendarViewReactor.swift; sourceTree = "<group>"; };
		A52B5FBA26138C32003D7AFF /* WaterRecord.swift */ = {isa = PBXFileReference; lastKnownFileType = sourcecode.swift; path = WaterRecord.swift; sourceTree = "<group>"; };
		A56238CD261F5DAB00A81F99 /* WaterRecordResultView.swift */ = {isa = PBXFileReference; lastKnownFileType = sourcecode.swift; path = WaterRecordResultView.swift; sourceTree = "<group>"; };
		A56238D0261F7A3500A81F99 /* UIView+Ext.swift */ = {isa = PBXFileReference; lastKnownFileType = sourcecode.swift; path = "UIView+Ext.swift"; sourceTree = "<group>"; };
		A56238D3261F7DFF00A81F99 /* CalendarDescriptView.swift */ = {isa = PBXFileReference; lastKnownFileType = sourcecode.swift; path = CalendarDescriptView.swift; sourceTree = "<group>"; };
		A565861D2614A65300BAA9AC /* Date+Ext.swift */ = {isa = PBXFileReference; lastKnownFileType = sourcecode.swift; path = "Date+Ext.swift"; sourceTree = "<group>"; };
		A56586202614B71B00BAA9AC /* ModelType.swift */ = {isa = PBXFileReference; lastKnownFileType = sourcecode.swift; path = ModelType.swift; sourceTree = "<group>"; };
		A5694528261A1B6100E6E751 /* Float+Ext.swift */ = {isa = PBXFileReference; lastKnownFileType = sourcecode.swift; path = "Float+Ext.swift"; sourceTree = "<group>"; };
		A5694530261B59AF00E6E751 /* Beaker.swift */ = {isa = PBXFileReference; lastKnownFileType = sourcecode.swift; path = Beaker.swift; sourceTree = "<group>"; };
		A58350E925FFCD09001AA609 /* DrinkSomeWater.app */ = {isa = PBXFileReference; explicitFileType = wrapper.application; includeInIndex = 0; path = DrinkSomeWater.app; sourceTree = BUILT_PRODUCTS_DIR; };
		A58350EC25FFCD09001AA609 /* AppDelegate.swift */ = {isa = PBXFileReference; lastKnownFileType = sourcecode.swift; path = AppDelegate.swift; sourceTree = "<group>"; };
		A58350EE25FFCD09001AA609 /* SceneDelegate.swift */ = {isa = PBXFileReference; lastKnownFileType = sourcecode.swift; path = SceneDelegate.swift; sourceTree = "<group>"; };
		A58350F325FFCD09001AA609 /* Base */ = {isa = PBXFileReference; lastKnownFileType = file.storyboard; name = Base; path = Base.lproj/Main.storyboard; sourceTree = "<group>"; };
		A58350F525FFCD0B001AA609 /* Assets.xcassets */ = {isa = PBXFileReference; lastKnownFileType = folder.assetcatalog; path = Assets.xcassets; sourceTree = "<group>"; };
		A58350F825FFCD0B001AA609 /* Base */ = {isa = PBXFileReference; lastKnownFileType = file.storyboard; name = Base; path = Base.lproj/LaunchScreen.storyboard; sourceTree = "<group>"; };
		A58350FA25FFCD0B001AA609 /* Info.plist */ = {isa = PBXFileReference; lastKnownFileType = text.plist.xml; path = Info.plist; sourceTree = "<group>"; };
		A583511625FFCF7E001AA609 /* MainViewController.swift */ = {isa = PBXFileReference; lastKnownFileType = sourcecode.swift; path = MainViewController.swift; sourceTree = "<group>"; };
		A583511E25FFCFB7001AA609 /* MainViewReactor.swift */ = {isa = PBXFileReference; lastKnownFileType = sourcecode.swift; path = MainViewReactor.swift; sourceTree = "<group>"; };
		A583512225FFD1B2001AA609 /* DrinkViewController.swift */ = {isa = PBXFileReference; lastKnownFileType = sourcecode.swift; path = DrinkViewController.swift; sourceTree = "<group>"; };
		A583512525FFD1BE001AA609 /* DrinkViewReactor.swift */ = {isa = PBXFileReference; lastKnownFileType = sourcecode.swift; path = DrinkViewReactor.swift; sourceTree = "<group>"; };
		A583512925FFD2C1001AA609 /* BaseViewController.swift */ = {isa = PBXFileReference; lastKnownFileType = sourcecode.swift; path = BaseViewController.swift; sourceTree = "<group>"; };
		A5D4AA7E261D7C8600CF9E91 /* UserNotifications.framework */ = {isa = PBXFileReference; lastKnownFileType = wrapper.framework; name = UserNotifications.framework; path = System/Library/Frameworks/UserNotifications.framework; sourceTree = SDKROOT; };
		CA841476C35A00EFF94D63E1 /* Pods-DrinkSomeWater.release.xcconfig */ = {isa = PBXFileReference; includeInIndex = 1; lastKnownFileType = text.xcconfig; name = "Pods-DrinkSomeWater.release.xcconfig"; path = "Target Support Files/Pods-DrinkSomeWater/Pods-DrinkSomeWater.release.xcconfig"; sourceTree = "<group>"; };
/* End PBXFileReference section */

/* Begin PBXFrameworksBuildPhase section */
		A58350E625FFCD09001AA609 /* Frameworks */ = {
			isa = PBXFrameworksBuildPhase;
			buildActionMask = 2147483647;
			files = (
				A5D4AA7F261D7C8600CF9E91 /* UserNotifications.framework in Frameworks */,
				7C3B6142E6A612229B89FD20 /* Pods_DrinkSomeWater.framework in Frameworks */,
			);
			runOnlyForDeploymentPostprocessing = 0;
		};
/* End PBXFrameworksBuildPhase section */

/* Begin PBXGroup section */
		71BBE197FBE07A1781C819D3 /* Frameworks */ = {
			isa = PBXGroup;
			children = (
				A5D4AA7E261D7C8600CF9E91 /* UserNotifications.framework */,
				8D2822984807841FED2DF729 /* Pods_DrinkSomeWater.framework */,
			);
			name = Frameworks;
			sourceTree = "<group>";
		};
		A515812A26033E3700127C98 /* Services */ = {
			isa = PBXGroup;
			children = (
				A515819D2603B9CA00127C98 /* ServiceProvider.swift */,
				A51581A12603BA0900127C98 /* WaterService.swift */,
				A51581A42603BA1300127C98 /* BaseService.swift */,
				A52B5F6C26122FAB003D7AFF /* UserDefaultsService.swift */,
			);
			path = Services;
			sourceTree = "<group>";
		};
		A52B5F6426122C42003D7AFF /* Setting */ = {
			isa = PBXGroup;
			children = (
				A52B5F6526122C55003D7AFF /* SettingViewController.swift */,
				A52B5F6926122C65003D7AFF /* SettingViewReactor.swift */,
			);
			path = Setting;
			sourceTree = "<group>";
		};
		A52B5F6F261230C4003D7AFF /* Types */ = {
			isa = PBXGroup;
			children = (
				A52B5F70261230D7003D7AFF /* UserDefaultsKey.swift */,
			);
			path = Types;
			sourceTree = "<group>";
		};
		A52B5FAB26137122003D7AFF /* Calendar */ = {
			isa = PBXGroup;
			children = (
				A52B5FAC2613714B003D7AFF /* CalendarViewController.swift */,
				A52B5FAF26137158003D7AFF /* CalendarViewReactor.swift */,
			);
			path = Calendar;
			sourceTree = "<group>";
		};
		A52B5FB926138BC8003D7AFF /* Models */ = {
			isa = PBXGroup;
			children = (
				A52B5FBA26138C32003D7AFF /* WaterRecord.swift */,
				A56586202614B71B00BAA9AC /* ModelType.swift */,
			);
			path = Models;
			sourceTree = "<group>";
		};
		A565861C2614A62600BAA9AC /* Extensions-Utillities */ = {
			isa = PBXGroup;
			children = (
				A565861D2614A65300BAA9AC /* Date+Ext.swift */,
				A5694528261A1B6100E6E751 /* Float+Ext.swift */,
				A56238D0261F7A3500A81F99 /* UIView+Ext.swift */,
			);
			path = "Extensions-Utillities";
			sourceTree = "<group>";
		};
		A569452B261B596300E6E751 /* ViewComponent */ = {
			isa = PBXGroup;
			children = (
				A5694530261B59AF00E6E751 /* Beaker.swift */,
				A56238CD261F5DAB00A81F99 /* WaterRecordResultView.swift */,
				A56238D3261F7DFF00A81F99 /* CalendarDescriptView.swift */,
			);
			path = ViewComponent;
			sourceTree = "<group>";
		};
		A58350E025FFCD09001AA609 = {
			isa = PBXGroup;
			children = (
				A58350EB25FFCD09001AA609 /* DrinkSomeWater */,
				A58350EA25FFCD09001AA609 /* Products */,
				AC0AF68626D5CBACF8A7DC8F /* Pods */,
				71BBE197FBE07A1781C819D3 /* Frameworks */,
			);
			sourceTree = "<group>";
		};
		A58350EA25FFCD09001AA609 /* Products */ = {
			isa = PBXGroup;
			children = (
				A58350E925FFCD09001AA609 /* DrinkSomeWater.app */,
			);
			name = Products;
			sourceTree = "<group>";
		};
		A58350EB25FFCD09001AA609 /* DrinkSomeWater */ = {
			isa = PBXGroup;
			children = (
				A58351D026026746001AA609 /* Resources */,
				A58351CF26026740001AA609 /* Sources */,
				A58350FA25FFCD0B001AA609 /* Info.plist */,
			);
			path = DrinkSomeWater;
			sourceTree = "<group>";
		};
		A583511525FFCF5E001AA609 /* Main */ = {
			isa = PBXGroup;
			children = (
				A583511625FFCF7E001AA609 /* MainViewController.swift */,
				A583511E25FFCFB7001AA609 /* MainViewReactor.swift */,
			);
			path = Main;
			sourceTree = "<group>";
		};
		A583512125FFD198001AA609 /* Drink */ = {
			isa = PBXGroup;
			children = (
				A583512225FFD1B2001AA609 /* DrinkViewController.swift */,
				A583512525FFD1BE001AA609 /* DrinkViewReactor.swift */,
			);
			path = Drink;
			sourceTree = "<group>";
		};
		A583512825FFD2B2001AA609 /* BaseComponent */ = {
			isa = PBXGroup;
			children = (
				A583512925FFD2C1001AA609 /* BaseViewController.swift */,
			);
			path = BaseComponent;
			sourceTree = "<group>";
		};
		A58351492601CA28001AA609 /* ViewController */ = {
			isa = PBXGroup;
			children = (
				A583512825FFD2B2001AA609 /* BaseComponent */,
				A52B5FAB26137122003D7AFF /* Calendar */,
				A52B5F6426122C42003D7AFF /* Setting */,
				A583512125FFD198001AA609 /* Drink */,
				A583511525FFCF5E001AA609 /* Main */,
			);
			path = ViewController;
			sourceTree = "<group>";
		};
		A58351CF26026740001AA609 /* Sources */ = {
			isa = PBXGroup;
			children = (
				A52B5FB926138BC8003D7AFF /* Models */,
				A569452B261B596300E6E751 /* ViewComponent */,
				A565861C2614A62600BAA9AC /* Extensions-Utillities */,
				A58351492601CA28001AA609 /* ViewController */,
				A52B5F6F261230C4003D7AFF /* Types */,
				A515812A26033E3700127C98 /* Services */,
				A58350EC25FFCD09001AA609 /* AppDelegate.swift */,
				A58350EE25FFCD09001AA609 /* SceneDelegate.swift */,
			);
			path = Sources;
			sourceTree = "<group>";
		};
		A58351D026026746001AA609 /* Resources */ = {
			isa = PBXGroup;
			children = (
				A58350F225FFCD09001AA609 /* Main.storyboard */,
				A58350F525FFCD0B001AA609 /* Assets.xcassets */,
				A58350F725FFCD0B001AA609 /* LaunchScreen.storyboard */,
			);
			path = Resources;
			sourceTree = "<group>";
		};
		AC0AF68626D5CBACF8A7DC8F /* Pods */ = {
			isa = PBXGroup;
			children = (
				3FBBD24534AEAB0D6C58FD1B /* Pods-DrinkSomeWater.debug.xcconfig */,
				CA841476C35A00EFF94D63E1 /* Pods-DrinkSomeWater.release.xcconfig */,
			);
			path = Pods;
			sourceTree = "<group>";
		};
/* End PBXGroup section */

/* Begin PBXNativeTarget section */
		A58350E825FFCD09001AA609 /* DrinkSomeWater */ = {
			isa = PBXNativeTarget;
			buildConfigurationList = A58350FD25FFCD0B001AA609 /* Build configuration list for PBXNativeTarget "DrinkSomeWater" */;
			buildPhases = (
				58AB7005A5AD4790A1F750E0 /* [CP] Check Pods Manifest.lock */,
				A58350E525FFCD09001AA609 /* Sources */,
				A58350E625FFCD09001AA609 /* Frameworks */,
				A58350E725FFCD09001AA609 /* Resources */,
				50E6DD340218BABF9B2F1A1F /* [CP] Embed Pods Frameworks */,
			);
			buildRules = (
			);
			dependencies = (
			);
			name = DrinkSomeWater;
			productName = DrinkSomeWater;
			productReference = A58350E925FFCD09001AA609 /* DrinkSomeWater.app */;
			productType = "com.apple.product-type.application";
		};
/* End PBXNativeTarget section */

/* Begin PBXProject section */
		A58350E125FFCD09001AA609 /* Project object */ = {
			isa = PBXProject;
			attributes = {
				LastSwiftUpdateCheck = 1240;
				LastUpgradeCheck = 1240;
				TargetAttributes = {
					A58350E825FFCD09001AA609 = {
						CreatedOnToolsVersion = 12.4;
					};
				};
			};
			buildConfigurationList = A58350E425FFCD09001AA609 /* Build configuration list for PBXProject "DrinkSomeWater" */;
			compatibilityVersion = "Xcode 9.3";
			developmentRegion = en;
			hasScannedForEncodings = 0;
			knownRegions = (
				en,
				Base,
			);
			mainGroup = A58350E025FFCD09001AA609;
			productRefGroup = A58350EA25FFCD09001AA609 /* Products */;
			projectDirPath = "";
			projectRoot = "";
			targets = (
				A58350E825FFCD09001AA609 /* DrinkSomeWater */,
			);
		};
/* End PBXProject section */

/* Begin PBXResourcesBuildPhase section */
		A58350E725FFCD09001AA609 /* Resources */ = {
			isa = PBXResourcesBuildPhase;
			buildActionMask = 2147483647;
			files = (
				A58350F925FFCD0B001AA609 /* LaunchScreen.storyboard in Resources */,
				A58350F625FFCD0B001AA609 /* Assets.xcassets in Resources */,
				A58350F425FFCD09001AA609 /* Main.storyboard in Resources */,
			);
			runOnlyForDeploymentPostprocessing = 0;
		};
/* End PBXResourcesBuildPhase section */

/* Begin PBXShellScriptBuildPhase section */
		50E6DD340218BABF9B2F1A1F /* [CP] Embed Pods Frameworks */ = {
			isa = PBXShellScriptBuildPhase;
			buildActionMask = 2147483647;
			files = (
			);
			inputFileListPaths = (
				"${PODS_ROOT}/Target Support Files/Pods-DrinkSomeWater/Pods-DrinkSomeWater-frameworks-${CONFIGURATION}-input-files.xcfilelist",
			);
			name = "[CP] Embed Pods Frameworks";
			outputFileListPaths = (
				"${PODS_ROOT}/Target Support Files/Pods-DrinkSomeWater/Pods-DrinkSomeWater-frameworks-${CONFIGURATION}-output-files.xcfilelist",
			);
			runOnlyForDeploymentPostprocessing = 0;
			shellPath = /bin/sh;
			shellScript = "\"${PODS_ROOT}/Target Support Files/Pods-DrinkSomeWater/Pods-DrinkSomeWater-frameworks.sh\"\n";
			showEnvVarsInLog = 0;
		};
		58AB7005A5AD4790A1F750E0 /* [CP] Check Pods Manifest.lock */ = {
			isa = PBXShellScriptBuildPhase;
			buildActionMask = 2147483647;
			files = (
			);
			inputFileListPaths = (
			);
			inputPaths = (
				"${PODS_PODFILE_DIR_PATH}/Podfile.lock",
				"${PODS_ROOT}/Manifest.lock",
			);
			name = "[CP] Check Pods Manifest.lock";
			outputFileListPaths = (
			);
			outputPaths = (
				"$(DERIVED_FILE_DIR)/Pods-DrinkSomeWater-checkManifestLockResult.txt",
			);
			runOnlyForDeploymentPostprocessing = 0;
			shellPath = /bin/sh;
			shellScript = "diff \"${PODS_PODFILE_DIR_PATH}/Podfile.lock\" \"${PODS_ROOT}/Manifest.lock\" > /dev/null\nif [ $? != 0 ] ; then\n    # print error to STDERR\n    echo \"error: The sandbox is not in sync with the Podfile.lock. Run 'pod install' or update your CocoaPods installation.\" >&2\n    exit 1\nfi\n# This output is used by Xcode 'outputs' to avoid re-running this script phase.\necho \"SUCCESS\" > \"${SCRIPT_OUTPUT_FILE_0}\"\n";
			showEnvVarsInLog = 0;
		};
/* End PBXShellScriptBuildPhase section */

/* Begin PBXSourcesBuildPhase section */
		A58350E525FFCD09001AA609 /* Sources */ = {
			isa = PBXSourcesBuildPhase;
			buildActionMask = 2147483647;
			files = (
				A52B5FAD2613714B003D7AFF /* CalendarViewController.swift in Sources */,
				A56586212614B71B00BAA9AC /* ModelType.swift in Sources */,
				A56238CE261F5DAB00A81F99 /* WaterRecordResultView.swift in Sources */,
				A51581A22603BA0900127C98 /* WaterService.swift in Sources */,
				A5694531261B59AF00E6E751 /* Beaker.swift in Sources */,
				A52B5F6626122C55003D7AFF /* SettingViewController.swift in Sources */,
				A58350ED25FFCD09001AA609 /* AppDelegate.swift in Sources */,
				A583512625FFD1BE001AA609 /* DrinkViewReactor.swift in Sources */,
				A583511F25FFCFB7001AA609 /* MainViewReactor.swift in Sources */,
				A52B5FBB26138C32003D7AFF /* WaterRecord.swift in Sources */,
				A583512325FFD1B2001AA609 /* DrinkViewController.swift in Sources */,
				A515819E2603B9CA00127C98 /* ServiceProvider.swift in Sources */,
				A56238D1261F7A3500A81F99 /* UIView+Ext.swift in Sources */,
				A565861E2614A65300BAA9AC /* Date+Ext.swift in Sources */,
				A583512A25FFD2C1001AA609 /* BaseViewController.swift in Sources */,
				A52B5FB026137158003D7AFF /* CalendarViewReactor.swift in Sources */,
				A56238D4261F7DFF00A81F99 /* CalendarDescriptView.swift in Sources */,
				A52B5F6A26122C66003D7AFF /* SettingViewReactor.swift in Sources */,
				A58350EF25FFCD09001AA609 /* SceneDelegate.swift in Sources */,
				A52B5F71261230D7003D7AFF /* UserDefaultsKey.swift in Sources */,
				A5694529261A1B6100E6E751 /* Float+Ext.swift in Sources */,
				A51581A52603BA1300127C98 /* BaseService.swift in Sources */,
				A583511725FFCF7E001AA609 /* MainViewController.swift in Sources */,
				A52B5F6D26122FAB003D7AFF /* UserDefaultsService.swift in Sources */,
			);
			runOnlyForDeploymentPostprocessing = 0;
		};
/* End PBXSourcesBuildPhase section */

/* Begin PBXVariantGroup section */
		A58350F225FFCD09001AA609 /* Main.storyboard */ = {
			isa = PBXVariantGroup;
			children = (
				A58350F325FFCD09001AA609 /* Base */,
			);
			name = Main.storyboard;
			sourceTree = "<group>";
		};
		A58350F725FFCD0B001AA609 /* LaunchScreen.storyboard */ = {
			isa = PBXVariantGroup;
			children = (
				A58350F825FFCD0B001AA609 /* Base */,
			);
			name = LaunchScreen.storyboard;
			sourceTree = "<group>";
		};
/* End PBXVariantGroup section */

/* Begin XCBuildConfiguration section */
		A58350FB25FFCD0B001AA609 /* Debug */ = {
			isa = XCBuildConfiguration;
			buildSettings = {
				ALWAYS_SEARCH_USER_PATHS = NO;
				CLANG_ANALYZER_NONNULL = YES;
				CLANG_ANALYZER_NUMBER_OBJECT_CONVERSION = YES_AGGRESSIVE;
				CLANG_CXX_LANGUAGE_STANDARD = "gnu++14";
				CLANG_CXX_LIBRARY = "libc++";
				CLANG_ENABLE_MODULES = YES;
				CLANG_ENABLE_OBJC_ARC = YES;
				CLANG_ENABLE_OBJC_WEAK = YES;
				CLANG_WARN_BLOCK_CAPTURE_AUTORELEASING = YES;
				CLANG_WARN_BOOL_CONVERSION = YES;
				CLANG_WARN_COMMA = YES;
				CLANG_WARN_CONSTANT_CONVERSION = YES;
				CLANG_WARN_DEPRECATED_OBJC_IMPLEMENTATIONS = YES;
				CLANG_WARN_DIRECT_OBJC_ISA_USAGE = YES_ERROR;
				CLANG_WARN_DOCUMENTATION_COMMENTS = YES;
				CLANG_WARN_EMPTY_BODY = YES;
				CLANG_WARN_ENUM_CONVERSION = YES;
				CLANG_WARN_INFINITE_RECURSION = YES;
				CLANG_WARN_INT_CONVERSION = YES;
				CLANG_WARN_NON_LITERAL_NULL_CONVERSION = YES;
				CLANG_WARN_OBJC_IMPLICIT_RETAIN_SELF = YES;
				CLANG_WARN_OBJC_LITERAL_CONVERSION = YES;
				CLANG_WARN_OBJC_ROOT_CLASS = YES_ERROR;
				CLANG_WARN_QUOTED_INCLUDE_IN_FRAMEWORK_HEADER = YES;
				CLANG_WARN_RANGE_LOOP_ANALYSIS = YES;
				CLANG_WARN_STRICT_PROTOTYPES = YES;
				CLANG_WARN_SUSPICIOUS_MOVE = YES;
				CLANG_WARN_UNGUARDED_AVAILABILITY = YES_AGGRESSIVE;
				CLANG_WARN_UNREACHABLE_CODE = YES;
				CLANG_WARN__DUPLICATE_METHOD_MATCH = YES;
				COPY_PHASE_STRIP = NO;
				DEBUG_INFORMATION_FORMAT = dwarf;
				ENABLE_STRICT_OBJC_MSGSEND = YES;
				ENABLE_TESTABILITY = YES;
				GCC_C_LANGUAGE_STANDARD = gnu11;
				GCC_DYNAMIC_NO_PIC = NO;
				GCC_NO_COMMON_BLOCKS = YES;
				GCC_OPTIMIZATION_LEVEL = 0;
				GCC_PREPROCESSOR_DEFINITIONS = (
					"DEBUG=1",
					"$(inherited)",
				);
				GCC_WARN_64_TO_32_BIT_CONVERSION = YES;
				GCC_WARN_ABOUT_RETURN_TYPE = YES_ERROR;
				GCC_WARN_UNDECLARED_SELECTOR = YES;
				GCC_WARN_UNINITIALIZED_AUTOS = YES_AGGRESSIVE;
				GCC_WARN_UNUSED_FUNCTION = YES;
				GCC_WARN_UNUSED_VARIABLE = YES;
				IPHONEOS_DEPLOYMENT_TARGET = 14.1;
				MTL_ENABLE_DEBUG_INFO = INCLUDE_SOURCE;
				MTL_FAST_MATH = YES;
				ONLY_ACTIVE_ARCH = YES;
				SDKROOT = iphoneos;
				SWIFT_ACTIVE_COMPILATION_CONDITIONS = DEBUG;
				SWIFT_OPTIMIZATION_LEVEL = "-Onone";
			};
			name = Debug;
		};
		A58350FC25FFCD0B001AA609 /* Release */ = {
			isa = XCBuildConfiguration;
			buildSettings = {
				ALWAYS_SEARCH_USER_PATHS = NO;
				CLANG_ANALYZER_NONNULL = YES;
				CLANG_ANALYZER_NUMBER_OBJECT_CONVERSION = YES_AGGRESSIVE;
				CLANG_CXX_LANGUAGE_STANDARD = "gnu++14";
				CLANG_CXX_LIBRARY = "libc++";
				CLANG_ENABLE_MODULES = YES;
				CLANG_ENABLE_OBJC_ARC = YES;
				CLANG_ENABLE_OBJC_WEAK = YES;
				CLANG_WARN_BLOCK_CAPTURE_AUTORELEASING = YES;
				CLANG_WARN_BOOL_CONVERSION = YES;
				CLANG_WARN_COMMA = YES;
				CLANG_WARN_CONSTANT_CONVERSION = YES;
				CLANG_WARN_DEPRECATED_OBJC_IMPLEMENTATIONS = YES;
				CLANG_WARN_DIRECT_OBJC_ISA_USAGE = YES_ERROR;
				CLANG_WARN_DOCUMENTATION_COMMENTS = YES;
				CLANG_WARN_EMPTY_BODY = YES;
				CLANG_WARN_ENUM_CONVERSION = YES;
				CLANG_WARN_INFINITE_RECURSION = YES;
				CLANG_WARN_INT_CONVERSION = YES;
				CLANG_WARN_NON_LITERAL_NULL_CONVERSION = YES;
				CLANG_WARN_OBJC_IMPLICIT_RETAIN_SELF = YES;
				CLANG_WARN_OBJC_LITERAL_CONVERSION = YES;
				CLANG_WARN_OBJC_ROOT_CLASS = YES_ERROR;
				CLANG_WARN_QUOTED_INCLUDE_IN_FRAMEWORK_HEADER = YES;
				CLANG_WARN_RANGE_LOOP_ANALYSIS = YES;
				CLANG_WARN_STRICT_PROTOTYPES = YES;
				CLANG_WARN_SUSPICIOUS_MOVE = YES;
				CLANG_WARN_UNGUARDED_AVAILABILITY = YES_AGGRESSIVE;
				CLANG_WARN_UNREACHABLE_CODE = YES;
				CLANG_WARN__DUPLICATE_METHOD_MATCH = YES;
				COPY_PHASE_STRIP = NO;
				DEBUG_INFORMATION_FORMAT = "dwarf-with-dsym";
				ENABLE_NS_ASSERTIONS = NO;
				ENABLE_STRICT_OBJC_MSGSEND = YES;
				GCC_C_LANGUAGE_STANDARD = gnu11;
				GCC_NO_COMMON_BLOCKS = YES;
				GCC_WARN_64_TO_32_BIT_CONVERSION = YES;
				GCC_WARN_ABOUT_RETURN_TYPE = YES_ERROR;
				GCC_WARN_UNDECLARED_SELECTOR = YES;
				GCC_WARN_UNINITIALIZED_AUTOS = YES_AGGRESSIVE;
				GCC_WARN_UNUSED_FUNCTION = YES;
				GCC_WARN_UNUSED_VARIABLE = YES;
				IPHONEOS_DEPLOYMENT_TARGET = 14.1;
				MTL_ENABLE_DEBUG_INFO = NO;
				MTL_FAST_MATH = YES;
				SDKROOT = iphoneos;
				SWIFT_COMPILATION_MODE = wholemodule;
				SWIFT_OPTIMIZATION_LEVEL = "-O";
				VALIDATE_PRODUCT = YES;
			};
			name = Release;
		};
		A58350FE25FFCD0B001AA609 /* Debug */ = {
			isa = XCBuildConfiguration;
			baseConfigurationReference = 3FBBD24534AEAB0D6C58FD1B /* Pods-DrinkSomeWater.debug.xcconfig */;
			buildSettings = {
				ASSETCATALOG_COMPILER_APPICON_NAME = AppIcon;
				ASSETCATALOG_COMPILER_GLOBAL_ACCENT_COLOR_NAME = AccentColor;
				CODE_SIGN_STYLE = Automatic;
				DEVELOPMENT_TEAM = TG4L9MF5FD;
				INFOPLIST_FILE = DrinkSomeWater/Info.plist;
				LD_RUNPATH_SEARCH_PATHS = (
					"$(inherited)",
					"@executable_path/Frameworks",
				);
				PRODUCT_BUNDLE_IDENTIFIER = com.onceagain.DrinkSomeWater;
				PRODUCT_NAME = "$(TARGET_NAME)";
				SWIFT_VERSION = 5.0;
				TARGETED_DEVICE_FAMILY = 1;
			};
			name = Debug;
		};
		A58350FF25FFCD0B001AA609 /* Release */ = {
			isa = XCBuildConfiguration;
			baseConfigurationReference = CA841476C35A00EFF94D63E1 /* Pods-DrinkSomeWater.release.xcconfig */;
			buildSettings = {
				ASSETCATALOG_COMPILER_APPICON_NAME = AppIcon;
				ASSETCATALOG_COMPILER_GLOBAL_ACCENT_COLOR_NAME = AccentColor;
				CODE_SIGN_STYLE = Automatic;
				DEVELOPMENT_TEAM = TG4L9MF5FD;
				INFOPLIST_FILE = DrinkSomeWater/Info.plist;
				LD_RUNPATH_SEARCH_PATHS = (
					"$(inherited)",
					"@executable_path/Frameworks",
				);
				PRODUCT_BUNDLE_IDENTIFIER = com.onceagain.DrinkSomeWater;
				PRODUCT_NAME = "$(TARGET_NAME)";
				SWIFT_VERSION = 5.0;
				TARGETED_DEVICE_FAMILY = 1;
			};
			name = Release;
		};
/* End XCBuildConfiguration section */

/* Begin XCConfigurationList section */
		A58350E425FFCD09001AA609 /* Build configuration list for PBXProject "DrinkSomeWater" */ = {
			isa = XCConfigurationList;
			buildConfigurations = (
				A58350FB25FFCD0B001AA609 /* Debug */,
				A58350FC25FFCD0B001AA609 /* Release */,
			);
			defaultConfigurationIsVisible = 0;
			defaultConfigurationName = Release;
		};
		A58350FD25FFCD0B001AA609 /* Build configuration list for PBXNativeTarget "DrinkSomeWater" */ = {
			isa = XCConfigurationList;
			buildConfigurations = (
				A58350FE25FFCD0B001AA609 /* Debug */,
				A58350FF25FFCD0B001AA609 /* Release */,
			);
			defaultConfigurationIsVisible = 0;
			defaultConfigurationName = Release;
		};
/* End XCConfigurationList section */
	};
	rootObject = A58350E125FFCD09001AA609 /* Project object */;
}
