PODS:
  - FSCalendar (2.8.2)
  - ReactorKit (3.0.0):
    - RxSwift (~> 6.0)
    - WeakMapTable (~> 1.1)
  - RxCocoa (6.1.0):
    - RxRelay (= 6.1.0)
    - RxSwift (= 6.1.0)
  - RxOptional (5.0.1):
    - RxCocoa (~> 6.0)
    - RxSwift (~> 6.0)
  - RxRelay (6.1.0):
    - RxSwift (= 6.1.0)
  - RxSwift (6.1.0)
  - RxViewController (2.0.0):
    - RxCocoa (~> 6.0)
    - RxSwift (~> 6.0)
  - SnapKit (5.0.1)
  - Then (2.7.0)
  - WaveAnimationView (1.0.2)
  - WeakMapTable (1.2.0)

DEPENDENCIES:
  - FSCalendar
  - ReactorKit
  - RxCocoa
  - RxOptional
  - RxSwift
  - RxViewController
  - SnapKit
  - Then
  - WaveAnimationView

SPEC REPOS:
  trunk:
    - FSCalendar
    - ReactorKit
    - RxCocoa
    - RxOptional
    - RxRelay
    - RxSwift
    - RxViewController
    - SnapKit
    - Then
    - WaveAnimationView
    - WeakMapTable

SPEC CHECKSUMS:
  FSCalendar: e6a2eb9c571bf0719ed797ef807e08426753c241
  ReactorKit: 5348c9881dcb546605b451e32759dccc9937d36e
  RxCocoa: 5c51f02d562cbd94629f6c26cf0c80fe4ab8d343
  RxOptional: e0b39f0863c25c4bfeea83cb35102a5244d048b3
  RxRelay: 483e1a19fad961b41f0b0c0bee506f46c1ae14fe
  RxSwift: a834e5c538e89eca0cae86f403f4fbf0336786ce
  RxViewController: 56486fa0afd629a1d6b5ba077f3b8cd9dc31b5d2
  SnapKit: 97b92857e3df3a0c71833cce143274bf6ef8e5eb
  Then: acfe0be7e98221c6204e12f8161459606d5d822d
  WaveAnimationView: 1ffdf3184884eb3270f4b19cc2e69893fec16b9d
  WeakMapTable: 05c694ce8439a7a9ebabb56187287a63c57673d6

PODFILE CHECKSUM: b6e412df3d6db30e1a0ca27cabe7a14bd23e7506

COCOAPODS: 1.10.1
